
Microsoft Visual Studio Solution File, Format Version 12.00
# Visual Studio 2012
Project("{FAE04EC0-301F-11D3-BF4B-00C04F79EFBC}") = "GoogleTestExplorer.Tests.Unit", "GoogleTestExplorer.Tests.Unit\GoogleTestExplorer.Tests.Unit.csproj", "{370A34A9-51D4-42AE-9A9E-CBACD13FB7B6}"
EndProject
Project("{FAE04EC0-301F-11D3-BF4B-00C04F79EFBC}") = "GoogleTestExplorer", "GoogleTestExplorer\GoogleTestExplorer.csproj", "{CA52803F-39DA-4523-BBF5-F72FAB7BBE74}"
EndProject
Global
	GlobalSection(SolutionConfigurationPlatforms) = preSolution
		Debug|Any CPU = Debug|Any CPU
		Release|Any CPU = Release|Any CPU
	EndGlobalSection
	GlobalSection(ProjectConfigurationPlatforms) = postSolution
		{370A34A9-51D4-42AE-9A9E-CBACD13FB7B6}.Debug|Any CPU.ActiveCfg = Debug|Any CPU
		{370A34A9-51D4-42AE-9A9E-CBACD13FB7B6}.Debug|Any CPU.Build.0 = Debug|Any CPU
		{370A34A9-51D4-42AE-9A9E-CBACD13FB7B6}.Release|Any CPU.ActiveCfg = Release|Any CPU
		{370A34A9-51D4-42AE-9A9E-CBACD13FB7B6}.Release|Any CPU.Build.0 = Release|Any CPU
		{CA52803F-39DA-4523-BBF5-F72FAB7BBE74}.Debug|Any CPU.ActiveCfg = Debug|Any CPU
		{CA52803F-39DA-4523-BBF5-F72FAB7BBE74}.Debug|Any CPU.Build.0 = Debug|Any CPU
		{CA52803F-39DA-4523-BBF5-F72FAB7BBE74}.Release|Any CPU.ActiveCfg = Release|Any CPU
		{CA52803F-39DA-4523-BBF5-F72FAB7BBE74}.Release|Any CPU.Build.0 = Release|Any CPU
	EndGlobalSection
	GlobalSection(SolutionProperties) = preSolution
		HideSolutionNode = FALSE
	EndGlobalSection
EndGlobal
